
Microsoft Visual Studio Solution File, Format Version 12.00
# Visual Studio Version 16
VisualStudioVersion = 16.0.31005.135
MinimumVisualStudioVersion = 10.0.40219.1
Project("{FAE04EC0-301F-11D3-BF4B-00C04F79EFBC}") = "Ventas", "Ventas\Ventas.csproj", "{A5E013CF-65AC-4EFD-ADAE-695B9A327BB2}"
EndProject
Global
	GlobalSection(SolutionConfigurationPlatforms) = preSolution
		Debug|Any CPU = Debug|Any CPU
		Release|Any CPU = Release|Any CPU
	EndGlobalSection
	GlobalSection(ProjectConfigurationPlatforms) = postSolution
		{A5E013CF-65AC-4EFD-ADAE-695B9A327BB2}.Debug|Any CPU.ActiveCfg = Debug|Any CPU
		{A5E013CF-65AC-4EFD-ADAE-695B9A327BB2}.Debug|Any CPU.Build.0 = Debug|Any CPU
		{A5E013CF-65AC-4EFD-ADAE-695B9A327BB2}.Release|Any CPU.ActiveCfg = Release|Any CPU
		{A5E013CF-65AC-4EFD-ADAE-695B9A327BB2}.Release|Any CPU.Build.0 = Release|Any CPU
	EndGlobalSection
	GlobalSection(SolutionProperties) = preSolution
		HideSolutionNode = FALSE
	EndGlobalSection
	GlobalSection(ExtensibilityGlobals) = postSolution
		SolutionGuid = {261F87D7-147D-40C2-9E78-AE9E2DF48774}
	EndGlobalSection
EndGlobal
